// !$*UTF8*$!
{
	archiveVersion = 1;
	classes = {
	};
	objectVersion = 50;
	objects = {

/* Begin PBXBuildFile section */
		4428E51924AC9FE3007F4D3A /* MultilineTextView.swift in Sources */ = {isa = PBXBuildFile; fileRef = 4428E51824AC9FE3007F4D3A /* MultilineTextView.swift */; };
		4457791C24AB440600336588 /* UIResponder+Current.swift in Sources */ = {isa = PBXBuildFile; fileRef = 4457791924AB440500336588 /* UIResponder+Current.swift */; };
		4457791D24AB440600336588 /* KeyboardHeightPublisher.swift in Sources */ = {isa = PBXBuildFile; fileRef = 4457791A24AB440600336588 /* KeyboardHeightPublisher.swift */; };
		4457791E24AB440600336588 /* KeyboardAdaptive.swift in Sources */ = {isa = PBXBuildFile; fileRef = 4457791B24AB440600336588 /* KeyboardAdaptive.swift */; };
		4457792224AB48AC00336588 /* RecipeView.swift in Sources */ = {isa = PBXBuildFile; fileRef = 4457792124AB48AC00336588 /* RecipeView.swift */; };
		4457792424AB5EE400336588 /* RecipeListRow.swift in Sources */ = {isa = PBXBuildFile; fileRef = 4457792324AB5EE300336588 /* RecipeListRow.swift */; };
		447EB08324ACDEE8009299DC /* AnyGestureRecognizer.swift in Sources */ = {isa = PBXBuildFile; fileRef = 447EB08224ACDEE8009299DC /* AnyGestureRecognizer.swift */; };
		44899E2F24407BF2001C8192 /* RecipeListViewModel.swift in Sources */ = {isa = PBXBuildFile; fileRef = 44899E2E24407BF2001C8192 /* RecipeListViewModel.swift */; };
		44899E312440850B001C8192 /* RecipeListView.swift in Sources */ = {isa = PBXBuildFile; fileRef = 44899E302440850B001C8192 /* RecipeListView.swift */; };
		44899E44244097FB001C8192 /* APIHelper.swift in Sources */ = {isa = PBXBuildFile; fileRef = 44899E33244097FB001C8192 /* APIHelper.swift */; };
		44899E45244097FB001C8192 /* URLSessionImplementations.swift in Sources */ = {isa = PBXBuildFile; fileRef = 44899E34244097FB001C8192 /* URLSessionImplementations.swift */; };
		44899E46244097FB001C8192 /* RecipeAPI.swift in Sources */ = {isa = PBXBuildFile; fileRef = 44899E36244097FB001C8192 /* RecipeAPI.swift */; };
		44899E47244097FB001C8192 /* CodableHelper.swift in Sources */ = {isa = PBXBuildFile; fileRef = 44899E37244097FB001C8192 /* CodableHelper.swift */; };
		44899E48244097FB001C8192 /* APIs.swift in Sources */ = {isa = PBXBuildFile; fileRef = 44899E38244097FB001C8192 /* APIs.swift */; };
		44899E49244097FB001C8192 /* OpenISO8601DateFormatter.swift in Sources */ = {isa = PBXBuildFile; fileRef = 44899E39244097FB001C8192 /* OpenISO8601DateFormatter.swift */; };
		44899E4A244097FB001C8192 /* Recipe.swift in Sources */ = {isa = PBXBuildFile; fileRef = 44899E3B244097FB001C8192 /* Recipe.swift */; };
		44899E4B244097FB001C8192 /* ErrorModel.swift in Sources */ = {isa = PBXBuildFile; fileRef = 44899E3C244097FB001C8192 /* ErrorModel.swift */; };
		44899E4C244097FB001C8192 /* RecipeList.swift in Sources */ = {isa = PBXBuildFile; fileRef = 44899E3D244097FB001C8192 /* RecipeList.swift */; };
		44899E4D244097FB001C8192 /* Extensions.swift in Sources */ = {isa = PBXBuildFile; fileRef = 44899E3E244097FB001C8192 /* Extensions.swift */; };
		44899E4E244097FB001C8192 /* JSONDataEncoding.swift in Sources */ = {isa = PBXBuildFile; fileRef = 44899E3F244097FB001C8192 /* JSONDataEncoding.swift */; };
		44899E4F244097FB001C8192 /* JSONEncodingHelper.swift in Sources */ = {isa = PBXBuildFile; fileRef = 44899E40244097FB001C8192 /* JSONEncodingHelper.swift */; };
		44899E50244097FB001C8192 /* Models.swift in Sources */ = {isa = PBXBuildFile; fileRef = 44899E41244097FB001C8192 /* Models.swift */; };
		44899E51244097FB001C8192 /* SynchronizedDictionary.swift in Sources */ = {isa = PBXBuildFile; fileRef = 44899E42244097FB001C8192 /* SynchronizedDictionary.swift */; };
		44899E52244097FB001C8192 /* Configuration.swift in Sources */ = {isa = PBXBuildFile; fileRef = 44899E43244097FB001C8192 /* Configuration.swift */; };
		44899E5424409C01001C8192 /* DownloadedRecipesViewModel.swift in Sources */ = {isa = PBXBuildFile; fileRef = 44899E5324409C01001C8192 /* DownloadedRecipesViewModel.swift */; };
		44899E5624409C52001C8192 /* DownloadedRecipeRow.swift in Sources */ = {isa = PBXBuildFile; fileRef = 44899E5524409C52001C8192 /* DownloadedRecipeRow.swift */; };
		44899E5824409CA9001C8192 /* Exts.swift in Sources */ = {isa = PBXBuildFile; fileRef = 44899E5724409CA9001C8192 /* Exts.swift */; };
		44899E5A24409CE3001C8192 /* DownloadedRecipeListView.swift in Sources */ = {isa = PBXBuildFile; fileRef = 44899E5924409CE3001C8192 /* DownloadedRecipeListView.swift */; };
		44A8C830243B55B30000604B /* AppDelegate.swift in Sources */ = {isa = PBXBuildFile; fileRef = 44A8C82F243B55B30000604B /* AppDelegate.swift */; };
		44A8C832243B55B30000604B /* SceneDelegate.swift in Sources */ = {isa = PBXBuildFile; fileRef = 44A8C831243B55B30000604B /* SceneDelegate.swift */; };
		44A8C834243B55B30000604B /* ContentView.swift in Sources */ = {isa = PBXBuildFile; fileRef = 44A8C833243B55B30000604B /* ContentView.swift */; };
		44A8C836243B55B90000604B /* Assets.xcassets in Resources */ = {isa = PBXBuildFile; fileRef = 44A8C835243B55B90000604B /* Assets.xcassets */; };
		44A8C839243B55B90000604B /* Preview Assets.xcassets in Resources */ = {isa = PBXBuildFile; fileRef = 44A8C838243B55B90000604B /* Preview Assets.xcassets */; };
		44A8C83C243B55B90000604B /* LaunchScreen.storyboard in Resources */ = {isa = PBXBuildFile; fileRef = 44A8C83A243B55B90000604B /* LaunchScreen.storyboard */; };
		44B94837243B5C1200770025 /* Ingredient.swift in Sources */ = {isa = PBXBuildFile; fileRef = 44B94836243B5C1200770025 /* Ingredient.swift */; };
		44B94839243B5D4600770025 /* Measurement.swift in Sources */ = {isa = PBXBuildFile; fileRef = 44B94838243B5D4600770025 /* Measurement.swift */; };
		44B9483B243B5DEF00770025 /* RBRecipe.swift in Sources */ = {isa = PBXBuildFile; fileRef = 44B9483A243B5DEF00770025 /* RBRecipe.swift */; };
/* End PBXBuildFile section */

/* Begin PBXFileReference section */
		4428E51824AC9FE3007F4D3A /* MultilineTextView.swift */ = {isa = PBXFileReference; lastKnownFileType = sourcecode.swift; path = MultilineTextView.swift; sourceTree = "<group>"; };
		4457791924AB440500336588 /* UIResponder+Current.swift */ = {isa = PBXFileReference; fileEncoding = 4; lastKnownFileType = sourcecode.swift; path = "UIResponder+Current.swift"; sourceTree = "<group>"; };
		4457791A24AB440600336588 /* KeyboardHeightPublisher.swift */ = {isa = PBXFileReference; fileEncoding = 4; lastKnownFileType = sourcecode.swift; path = KeyboardHeightPublisher.swift; sourceTree = "<group>"; };
		4457791B24AB440600336588 /* KeyboardAdaptive.swift */ = {isa = PBXFileReference; fileEncoding = 4; lastKnownFileType = sourcecode.swift; path = KeyboardAdaptive.swift; sourceTree = "<group>"; };
		4457792124AB48AC00336588 /* RecipeView.swift */ = {isa = PBXFileReference; lastKnownFileType = sourcecode.swift; path = RecipeView.swift; sourceTree = "<group>"; };
		4457792324AB5EE300336588 /* RecipeListRow.swift */ = {isa = PBXFileReference; lastKnownFileType = sourcecode.swift; path = RecipeListRow.swift; sourceTree = "<group>"; };
		447EB08224ACDEE8009299DC /* AnyGestureRecognizer.swift */ = {isa = PBXFileReference; lastKnownFileType = sourcecode.swift; path = AnyGestureRecognizer.swift; sourceTree = "<group>"; };
		44899E2E24407BF2001C8192 /* RecipeListViewModel.swift */ = {isa = PBXFileReference; lastKnownFileType = sourcecode.swift; path = RecipeListViewModel.swift; sourceTree = "<group>"; };
		44899E302440850B001C8192 /* RecipeListView.swift */ = {isa = PBXFileReference; lastKnownFileType = sourcecode.swift; path = RecipeListView.swift; sourceTree = "<group>"; };
		44899E33244097FB001C8192 /* APIHelper.swift */ = {isa = PBXFileReference; fileEncoding = 4; lastKnownFileType = sourcecode.swift; path = APIHelper.swift; sourceTree = "<group>"; };
		44899E34244097FB001C8192 /* URLSessionImplementations.swift */ = {isa = PBXFileReference; fileEncoding = 4; lastKnownFileType = sourcecode.swift; path = URLSessionImplementations.swift; sourceTree = "<group>"; };
		44899E36244097FB001C8192 /* RecipeAPI.swift */ = {isa = PBXFileReference; fileEncoding = 4; lastKnownFileType = sourcecode.swift; path = RecipeAPI.swift; sourceTree = "<group>"; };
		44899E37244097FB001C8192 /* CodableHelper.swift */ = {isa = PBXFileReference; fileEncoding = 4; lastKnownFileType = sourcecode.swift; path = CodableHelper.swift; sourceTree = "<group>"; };
		44899E38244097FB001C8192 /* APIs.swift */ = {isa = PBXFileReference; fileEncoding = 4; lastKnownFileType = sourcecode.swift; path = APIs.swift; sourceTree = "<group>"; };
		44899E39244097FB001C8192 /* OpenISO8601DateFormatter.swift */ = {isa = PBXFileReference; fileEncoding = 4; lastKnownFileType = sourcecode.swift; path = OpenISO8601DateFormatter.swift; sourceTree = "<group>"; };
		44899E3B244097FB001C8192 /* Recipe.swift */ = {isa = PBXFileReference; fileEncoding = 4; lastKnownFileType = sourcecode.swift; path = Recipe.swift; sourceTree = "<group>"; };
		44899E3C244097FB001C8192 /* ErrorModel.swift */ = {isa = PBXFileReference; fileEncoding = 4; lastKnownFileType = sourcecode.swift; path = ErrorModel.swift; sourceTree = "<group>"; };
		44899E3D244097FB001C8192 /* RecipeList.swift */ = {isa = PBXFileReference; fileEncoding = 4; lastKnownFileType = sourcecode.swift; path = RecipeList.swift; sourceTree = "<group>"; };
		44899E3E244097FB001C8192 /* Extensions.swift */ = {isa = PBXFileReference; fileEncoding = 4; lastKnownFileType = sourcecode.swift; path = Extensions.swift; sourceTree = "<group>"; };
		44899E3F244097FB001C8192 /* JSONDataEncoding.swift */ = {isa = PBXFileReference; fileEncoding = 4; lastKnownFileType = sourcecode.swift; path = JSONDataEncoding.swift; sourceTree = "<group>"; };
		44899E40244097FB001C8192 /* JSONEncodingHelper.swift */ = {isa = PBXFileReference; fileEncoding = 4; lastKnownFileType = sourcecode.swift; path = JSONEncodingHelper.swift; sourceTree = "<group>"; };
		44899E41244097FB001C8192 /* Models.swift */ = {isa = PBXFileReference; fileEncoding = 4; lastKnownFileType = sourcecode.swift; path = Models.swift; sourceTree = "<group>"; };
		44899E42244097FB001C8192 /* SynchronizedDictionary.swift */ = {isa = PBXFileReference; fileEncoding = 4; lastKnownFileType = sourcecode.swift; path = SynchronizedDictionary.swift; sourceTree = "<group>"; };
		44899E43244097FB001C8192 /* Configuration.swift */ = {isa = PBXFileReference; fileEncoding = 4; lastKnownFileType = sourcecode.swift; path = Configuration.swift; sourceTree = "<group>"; };
		44899E5324409C01001C8192 /* DownloadedRecipesViewModel.swift */ = {isa = PBXFileReference; lastKnownFileType = sourcecode.swift; path = DownloadedRecipesViewModel.swift; sourceTree = "<group>"; };
		44899E5524409C52001C8192 /* DownloadedRecipeRow.swift */ = {isa = PBXFileReference; lastKnownFileType = sourcecode.swift; path = DownloadedRecipeRow.swift; sourceTree = "<group>"; };
		44899E5724409CA9001C8192 /* Exts.swift */ = {isa = PBXFileReference; fileEncoding = 4; lastKnownFileType = sourcecode.swift; path = Exts.swift; sourceTree = "<group>"; };
		44899E5924409CE3001C8192 /* DownloadedRecipeListView.swift */ = {isa = PBXFileReference; lastKnownFileType = sourcecode.swift; path = DownloadedRecipeListView.swift; sourceTree = "<group>"; };
		44A8C82C243B55B30000604B /* RecipeBook.app */ = {isa = PBXFileReference; explicitFileType = wrapper.application; includeInIndex = 0; path = RecipeBook.app; sourceTree = BUILT_PRODUCTS_DIR; };
		44A8C82F243B55B30000604B /* AppDelegate.swift */ = {isa = PBXFileReference; lastKnownFileType = sourcecode.swift; path = AppDelegate.swift; sourceTree = "<group>"; };
		44A8C831243B55B30000604B /* SceneDelegate.swift */ = {isa = PBXFileReference; lastKnownFileType = sourcecode.swift; path = SceneDelegate.swift; sourceTree = "<group>"; };
		44A8C833243B55B30000604B /* ContentView.swift */ = {isa = PBXFileReference; lastKnownFileType = sourcecode.swift; path = ContentView.swift; sourceTree = "<group>"; };
		44A8C835243B55B90000604B /* Assets.xcassets */ = {isa = PBXFileReference; lastKnownFileType = folder.assetcatalog; path = Assets.xcassets; sourceTree = "<group>"; };
		44A8C838243B55B90000604B /* Preview Assets.xcassets */ = {isa = PBXFileReference; lastKnownFileType = folder.assetcatalog; path = "Preview Assets.xcassets"; sourceTree = "<group>"; };
		44A8C83B243B55B90000604B /* Base */ = {isa = PBXFileReference; lastKnownFileType = file.storyboard; name = Base; path = Base.lproj/LaunchScreen.storyboard; sourceTree = "<group>"; };
		44A8C83D243B55B90000604B /* Info.plist */ = {isa = PBXFileReference; lastKnownFileType = text.plist.xml; path = Info.plist; sourceTree = "<group>"; };
		44B94836243B5C1200770025 /* Ingredient.swift */ = {isa = PBXFileReference; lastKnownFileType = sourcecode.swift; path = Ingredient.swift; sourceTree = "<group>"; };
		44B94838243B5D4600770025 /* Measurement.swift */ = {isa = PBXFileReference; lastKnownFileType = sourcecode.swift; path = Measurement.swift; sourceTree = "<group>"; };
		44B9483A243B5DEF00770025 /* RBRecipe.swift */ = {isa = PBXFileReference; lastKnownFileType = sourcecode.swift; path = RBRecipe.swift; sourceTree = "<group>"; };
/* End PBXFileReference section */

/* Begin PBXFrameworksBuildPhase section */
		44A8C829243B55B30000604B /* Frameworks */ = {
			isa = PBXFrameworksBuildPhase;
			buildActionMask = 2147483647;
			files = (
			);
			runOnlyForDeploymentPostprocessing = 0;
		};
/* End PBXFrameworksBuildPhase section */

/* Begin PBXGroup section */
		4457791F24AB443500336588 /* KeyboardAdaptive */ = {
			isa = PBXGroup;
			children = (
				4457791B24AB440600336588 /* KeyboardAdaptive.swift */,
				4457791A24AB440600336588 /* KeyboardHeightPublisher.swift */,
				4457791924AB440500336588 /* UIResponder+Current.swift */,
			);
			path = KeyboardAdaptive;
			sourceTree = "<group>";
		};
		4457792024AB445200336588 /* Extensions */ = {
			isa = PBXGroup;
			children = (
				44899E5724409CA9001C8192 /* Exts.swift */,
				4428E51824AC9FE3007F4D3A /* MultilineTextView.swift */,
				447EB08224ACDEE8009299DC /* AnyGestureRecognizer.swift */,
				4457791F24AB443500336588 /* KeyboardAdaptive */,
			);
			path = Extensions;
			sourceTree = "<group>";
		};
		4457792524AB5FB700336588 /* RecipeList */ = {
			isa = PBXGroup;
			children = (
				44899E302440850B001C8192 /* RecipeListView.swift */,
				4457792324AB5EE300336588 /* RecipeListRow.swift */,
				4457792624AB5FC900336588 /* RecipeDetails */,
			);
			path = RecipeList;
			sourceTree = "<group>";
		};
		4457792624AB5FC900336588 /* RecipeDetails */ = {
			isa = PBXGroup;
			children = (
				4457792124AB48AC00336588 /* RecipeView.swift */,
			);
			path = RecipeDetails;
			sourceTree = "<group>";
		};
		44899E32244097FB001C8192 /* OpenAPIs */ = {
			isa = PBXGroup;
			children = (
				44899E33244097FB001C8192 /* APIHelper.swift */,
				44899E34244097FB001C8192 /* URLSessionImplementations.swift */,
				44899E35244097FB001C8192 /* APIs */,
				44899E37244097FB001C8192 /* CodableHelper.swift */,
				44899E38244097FB001C8192 /* APIs.swift */,
				44899E39244097FB001C8192 /* OpenISO8601DateFormatter.swift */,
				44899E3A244097FB001C8192 /* Models */,
				44899E3E244097FB001C8192 /* Extensions.swift */,
				44899E3F244097FB001C8192 /* JSONDataEncoding.swift */,
				44899E40244097FB001C8192 /* JSONEncodingHelper.swift */,
				44899E41244097FB001C8192 /* Models.swift */,
				44899E42244097FB001C8192 /* SynchronizedDictionary.swift */,
				44899E43244097FB001C8192 /* Configuration.swift */,
			);
			path = OpenAPIs;
			sourceTree = "<group>";
		};
		44899E35244097FB001C8192 /* APIs */ = {
			isa = PBXGroup;
			children = (
				44899E36244097FB001C8192 /* RecipeAPI.swift */,
			);
			path = APIs;
			sourceTree = "<group>";
		};
		44899E3A244097FB001C8192 /* Models */ = {
			isa = PBXGroup;
			children = (
				44899E3B244097FB001C8192 /* Recipe.swift */,
				44899E3C244097FB001C8192 /* ErrorModel.swift */,
				44899E3D244097FB001C8192 /* RecipeList.swift */,
			);
			path = Models;
			sourceTree = "<group>";
		};
		44899E5B24409D91001C8192 /* DownloadedRecipes */ = {
			isa = PBXGroup;
			children = (
				44899E5324409C01001C8192 /* DownloadedRecipesViewModel.swift */,
				44899E5524409C52001C8192 /* DownloadedRecipeRow.swift */,
				44899E5924409CE3001C8192 /* DownloadedRecipeListView.swift */,
			);
			path = DownloadedRecipes;
			sourceTree = "<group>";
		};
		44A8C823243B55B30000604B = {
			isa = PBXGroup;
			children = (
				44A8C82E243B55B30000604B /* RecipeBook */,
				44A8C82D243B55B30000604B /* Products */,
			);
			sourceTree = "<group>";
		};
		44A8C82D243B55B30000604B /* Products */ = {
			isa = PBXGroup;
			children = (
				44A8C82C243B55B30000604B /* RecipeBook.app */,
			);
			name = Products;
			sourceTree = "<group>";
		};
		44A8C82E243B55B30000604B /* RecipeBook */ = {
			isa = PBXGroup;
			children = (
				44899E32244097FB001C8192 /* OpenAPIs */,
				44A8C82F243B55B30000604B /* AppDelegate.swift */,
				44A8C831243B55B30000604B /* SceneDelegate.swift */,
				44A8C833243B55B30000604B /* ContentView.swift */,
				4457792524AB5FB700336588 /* RecipeList */,
				44899E5B24409D91001C8192 /* DownloadedRecipes */,
				4457792024AB445200336588 /* Extensions */,
				44B9483C243B5E6C00770025 /* Models */,
				44A8C835243B55B90000604B /* Assets.xcassets */,
				44A8C83A243B55B90000604B /* LaunchScreen.storyboard */,
				44A8C83D243B55B90000604B /* Info.plist */,
				44A8C837243B55B90000604B /* Preview Content */,
			);
			path = RecipeBook;
			sourceTree = "<group>";
		};
		44A8C837243B55B90000604B /* Preview Content */ = {
			isa = PBXGroup;
			children = (
				44A8C838243B55B90000604B /* Preview Assets.xcassets */,
			);
			path = "Preview Content";
			sourceTree = "<group>";
		};
		44B9483C243B5E6C00770025 /* Models */ = {
			isa = PBXGroup;
			children = (
				44B94836243B5C1200770025 /* Ingredient.swift */,
				44B9483A243B5DEF00770025 /* RBRecipe.swift */,
				44899E2E24407BF2001C8192 /* RecipeListViewModel.swift */,
				44B94838243B5D4600770025 /* Measurement.swift */,
			);
			path = Models;
			sourceTree = "<group>";
		};
/* End PBXGroup section */

/* Begin PBXNativeTarget section */
		44A8C82B243B55B30000604B /* RecipeBook */ = {
			isa = PBXNativeTarget;
			buildConfigurationList = 44A8C840243B55B90000604B /* Build configuration list for PBXNativeTarget "RecipeBook" */;
			buildPhases = (
				44A8C828243B55B30000604B /* Sources */,
				44A8C829243B55B30000604B /* Frameworks */,
				44A8C82A243B55B30000604B /* Resources */,
			);
			buildRules = (
			);
			dependencies = (
			);
			name = RecipeBook;
			productName = RecipeBook;
			productReference = 44A8C82C243B55B30000604B /* RecipeBook.app */;
			productType = "com.apple.product-type.application";
		};
/* End PBXNativeTarget section */

/* Begin PBXProject section */
		44A8C824243B55B30000604B /* Project object */ = {
			isa = PBXProject;
			attributes = {
				LastSwiftUpdateCheck = 1140;
				LastUpgradeCheck = 1140;
				ORGANIZATIONNAME = "George Khaydenko";
				TargetAttributes = {
					44A8C82B243B55B30000604B = {
						CreatedOnToolsVersion = 11.4;
					};
				};
			};
			buildConfigurationList = 44A8C827243B55B30000604B /* Build configuration list for PBXProject "RecipeBook" */;
			compatibilityVersion = "Xcode 9.3";
			developmentRegion = en;
			hasScannedForEncodings = 0;
			knownRegions = (
				en,
				Base,
			);
			mainGroup = 44A8C823243B55B30000604B;
			productRefGroup = 44A8C82D243B55B30000604B /* Products */;
			projectDirPath = "";
			projectRoot = "";
			targets = (
				44A8C82B243B55B30000604B /* RecipeBook */,
			);
		};
/* End PBXProject section */

/* Begin PBXResourcesBuildPhase section */
		44A8C82A243B55B30000604B /* Resources */ = {
			isa = PBXResourcesBuildPhase;
			buildActionMask = 2147483647;
			files = (
				44A8C83C243B55B90000604B /* LaunchScreen.storyboard in Resources */,
				44A8C839243B55B90000604B /* Preview Assets.xcassets in Resources */,
				44A8C836243B55B90000604B /* Assets.xcassets in Resources */,
			);
			runOnlyForDeploymentPostprocessing = 0;
		};
/* End PBXResourcesBuildPhase section */

/* Begin PBXSourcesBuildPhase section */
		44A8C828243B55B30000604B /* Sources */ = {
			isa = PBXSourcesBuildPhase;
			buildActionMask = 2147483647;
			files = (
				44899E44244097FB001C8192 /* APIHelper.swift in Sources */,
				44899E51244097FB001C8192 /* SynchronizedDictionary.swift in Sources */,
				4457791E24AB440600336588 /* KeyboardAdaptive.swift in Sources */,
				44899E5624409C52001C8192 /* DownloadedRecipeRow.swift in Sources */,
				44899E4D244097FB001C8192 /* Extensions.swift in Sources */,
				44899E2F24407BF2001C8192 /* RecipeListViewModel.swift in Sources */,
				44899E5824409CA9001C8192 /* Exts.swift in Sources */,
				44B94837243B5C1200770025 /* Ingredient.swift in Sources */,
				44A8C830243B55B30000604B /* AppDelegate.swift in Sources */,
				44899E47244097FB001C8192 /* CodableHelper.swift in Sources */,
				44899E50244097FB001C8192 /* Models.swift in Sources */,
				44899E45244097FB001C8192 /* URLSessionImplementations.swift in Sources */,
				44899E4B244097FB001C8192 /* ErrorModel.swift in Sources */,
				44899E4F244097FB001C8192 /* JSONEncodingHelper.swift in Sources */,
				44B94839243B5D4600770025 /* Measurement.swift in Sources */,
				4457791D24AB440600336588 /* KeyboardHeightPublisher.swift in Sources */,
				44899E49244097FB001C8192 /* OpenISO8601DateFormatter.swift in Sources */,
				44B9483B243B5DEF00770025 /* RBRecipe.swift in Sources */,
				447EB08324ACDEE8009299DC /* AnyGestureRecognizer.swift in Sources */,
				44899E4A244097FB001C8192 /* Recipe.swift in Sources */,
				44899E46244097FB001C8192 /* RecipeAPI.swift in Sources */,
				44A8C832243B55B30000604B /* SceneDelegate.swift in Sources */,
				44899E4C244097FB001C8192 /* RecipeList.swift in Sources */,
				44899E5A24409CE3001C8192 /* DownloadedRecipeListView.swift in Sources */,
				4457791C24AB440600336588 /* UIResponder+Current.swift in Sources */,
				44899E312440850B001C8192 /* RecipeListView.swift in Sources */,
				4428E51924AC9FE3007F4D3A /* MultilineTextView.swift in Sources */,
				44A8C834243B55B30000604B /* ContentView.swift in Sources */,
				4457792424AB5EE400336588 /* RecipeListRow.swift in Sources */,
				44899E52244097FB001C8192 /* Configuration.swift in Sources */,
				44899E4E244097FB001C8192 /* JSONDataEncoding.swift in Sources */,
				44899E5424409C01001C8192 /* DownloadedRecipesViewModel.swift in Sources */,
				4457792224AB48AC00336588 /* RecipeView.swift in Sources */,
				44899E48244097FB001C8192 /* APIs.swift in Sources */,
			);
			runOnlyForDeploymentPostprocessing = 0;
		};
/* End PBXSourcesBuildPhase section */

/* Begin PBXVariantGroup section */
		44A8C83A243B55B90000604B /* LaunchScreen.storyboard */ = {
			isa = PBXVariantGroup;
			children = (
				44A8C83B243B55B90000604B /* Base */,
			);
			name = LaunchScreen.storyboard;
			sourceTree = "<group>";
		};
/* End PBXVariantGroup section */

/* Begin XCBuildConfiguration section */
		44A8C83E243B55B90000604B /* Debug */ = {
			isa = XCBuildConfiguration;
			buildSettings = {
				ALWAYS_SEARCH_USER_PATHS = NO;
				CLANG_ANALYZER_NONNULL = YES;
				CLANG_ANALYZER_NUMBER_OBJECT_CONVERSION = YES_AGGRESSIVE;
				CLANG_CXX_LANGUAGE_STANDARD = "gnu++14";
				CLANG_CXX_LIBRARY = "libc++";
				CLANG_ENABLE_MODULES = YES;
				CLANG_ENABLE_OBJC_ARC = YES;
				CLANG_ENABLE_OBJC_WEAK = YES;
				CLANG_WARN_BLOCK_CAPTURE_AUTORELEASING = YES;
				CLANG_WARN_BOOL_CONVERSION = YES;
				CLANG_WARN_COMMA = YES;
				CLANG_WARN_CONSTANT_CONVERSION = YES;
				CLANG_WARN_DEPRECATED_OBJC_IMPLEMENTATIONS = YES;
				CLANG_WARN_DIRECT_OBJC_ISA_USAGE = YES_ERROR;
				CLANG_WARN_DOCUMENTATION_COMMENTS = YES;
				CLANG_WARN_EMPTY_BODY = YES;
				CLANG_WARN_ENUM_CONVERSION = YES;
				CLANG_WARN_INFINITE_RECURSION = YES;
				CLANG_WARN_INT_CONVERSION = YES;
				CLANG_WARN_NON_LITERAL_NULL_CONVERSION = YES;
				CLANG_WARN_OBJC_IMPLICIT_RETAIN_SELF = YES;
				CLANG_WARN_OBJC_LITERAL_CONVERSION = YES;
				CLANG_WARN_OBJC_ROOT_CLASS = YES_ERROR;
				CLANG_WARN_RANGE_LOOP_ANALYSIS = YES;
				CLANG_WARN_STRICT_PROTOTYPES = YES;
				CLANG_WARN_SUSPICIOUS_MOVE = YES;
				CLANG_WARN_UNGUARDED_AVAILABILITY = YES_AGGRESSIVE;
				CLANG_WARN_UNREACHABLE_CODE = YES;
				CLANG_WARN__DUPLICATE_METHOD_MATCH = YES;
				COPY_PHASE_STRIP = NO;
				DEBUG_INFORMATION_FORMAT = dwarf;
				ENABLE_STRICT_OBJC_MSGSEND = YES;
				ENABLE_TESTABILITY = YES;
				GCC_C_LANGUAGE_STANDARD = gnu11;
				GCC_DYNAMIC_NO_PIC = NO;
				GCC_NO_COMMON_BLOCKS = YES;
				GCC_OPTIMIZATION_LEVEL = 0;
				GCC_PREPROCESSOR_DEFINITIONS = (
					"DEBUG=1",
					"$(inherited)",
				);
				GCC_WARN_64_TO_32_BIT_CONVERSION = YES;
				GCC_WARN_ABOUT_RETURN_TYPE = YES_ERROR;
				GCC_WARN_UNDECLARED_SELECTOR = YES;
				GCC_WARN_UNINITIALIZED_AUTOS = YES_AGGRESSIVE;
				GCC_WARN_UNUSED_FUNCTION = YES;
				GCC_WARN_UNUSED_VARIABLE = YES;
				IPHONEOS_DEPLOYMENT_TARGET = 13.4;
				MTL_ENABLE_DEBUG_INFO = INCLUDE_SOURCE;
				MTL_FAST_MATH = YES;
				ONLY_ACTIVE_ARCH = YES;
				SDKROOT = iphoneos;
				SWIFT_ACTIVE_COMPILATION_CONDITIONS = DEBUG;
				SWIFT_OPTIMIZATION_LEVEL = "-Onone";
			};
			name = Debug;
		};
		44A8C83F243B55B90000604B /* Release */ = {
			isa = XCBuildConfiguration;
			buildSettings = {
				ALWAYS_SEARCH_USER_PATHS = NO;
				CLANG_ANALYZER_NONNULL = YES;
				CLANG_ANALYZER_NUMBER_OBJECT_CONVERSION = YES_AGGRESSIVE;
				CLANG_CXX_LANGUAGE_STANDARD = "gnu++14";
				CLANG_CXX_LIBRARY = "libc++";
				CLANG_ENABLE_MODULES = YES;
				CLANG_ENABLE_OBJC_ARC = YES;
				CLANG_ENABLE_OBJC_WEAK = YES;
				CLANG_WARN_BLOCK_CAPTURE_AUTORELEASING = YES;
				CLANG_WARN_BOOL_CONVERSION = YES;
				CLANG_WARN_COMMA = YES;
				CLANG_WARN_CONSTANT_CONVERSION = YES;
				CLANG_WARN_DEPRECATED_OBJC_IMPLEMENTATIONS = YES;
				CLANG_WARN_DIRECT_OBJC_ISA_USAGE = YES_ERROR;
				CLANG_WARN_DOCUMENTATION_COMMENTS = YES;
				CLANG_WARN_EMPTY_BODY = YES;
				CLANG_WARN_ENUM_CONVERSION = YES;
				CLANG_WARN_INFINITE_RECURSION = YES;
				CLANG_WARN_INT_CONVERSION = YES;
				CLANG_WARN_NON_LITERAL_NULL_CONVERSION = YES;
				CLANG_WARN_OBJC_IMPLICIT_RETAIN_SELF = YES;
				CLANG_WARN_OBJC_LITERAL_CONVERSION = YES;
				CLANG_WARN_OBJC_ROOT_CLASS = YES_ERROR;
				CLANG_WARN_RANGE_LOOP_ANALYSIS = YES;
				CLANG_WARN_STRICT_PROTOTYPES = YES;
				CLANG_WARN_SUSPICIOUS_MOVE = YES;
				CLANG_WARN_UNGUARDED_AVAILABILITY = YES_AGGRESSIVE;
				CLANG_WARN_UNREACHABLE_CODE = YES;
				CLANG_WARN__DUPLICATE_METHOD_MATCH = YES;
				COPY_PHASE_STRIP = NO;
				DEBUG_INFORMATION_FORMAT = "dwarf-with-dsym";
				ENABLE_NS_ASSERTIONS = NO;
				ENABLE_STRICT_OBJC_MSGSEND = YES;
				GCC_C_LANGUAGE_STANDARD = gnu11;
				GCC_NO_COMMON_BLOCKS = YES;
				GCC_WARN_64_TO_32_BIT_CONVERSION = YES;
				GCC_WARN_ABOUT_RETURN_TYPE = YES_ERROR;
				GCC_WARN_UNDECLARED_SELECTOR = YES;
				GCC_WARN_UNINITIALIZED_AUTOS = YES_AGGRESSIVE;
				GCC_WARN_UNUSED_FUNCTION = YES;
				GCC_WARN_UNUSED_VARIABLE = YES;
				IPHONEOS_DEPLOYMENT_TARGET = 13.4;
				MTL_ENABLE_DEBUG_INFO = NO;
				MTL_FAST_MATH = YES;
				SDKROOT = iphoneos;
				SWIFT_COMPILATION_MODE = wholemodule;
				SWIFT_OPTIMIZATION_LEVEL = "-O";
				VALIDATE_PRODUCT = YES;
			};
			name = Release;
		};
		44A8C841243B55B90000604B /* Debug */ = {
			isa = XCBuildConfiguration;
			buildSettings = {
				ASSETCATALOG_COMPILER_APPICON_NAME = AppIcon;
				CODE_SIGN_STYLE = Automatic;
				DEVELOPMENT_ASSET_PATHS = "\"RecipeBook/Preview Content\"";
				DEVELOPMENT_TEAM = UBXSN34678;
				ENABLE_PREVIEWS = YES;
				INFOPLIST_FILE = RecipeBook/Info.plist;
				LD_RUNPATH_SEARCH_PATHS = (
					"$(inherited)",
					"@executable_path/Frameworks",
				);
				PRODUCT_BUNDLE_IDENTIFIER = com.jesterix.RecipeBook;
				PRODUCT_NAME = "$(TARGET_NAME)";
				SWIFT_VERSION = 5.0;
				TARGETED_DEVICE_FAMILY = "1,2";
			};
			name = Debug;
		};
		44A8C842243B55B90000604B /* Release */ = {
			isa = XCBuildConfiguration;
			buildSettings = {
				ASSETCATALOG_COMPILER_APPICON_NAME = AppIcon;
				CODE_SIGN_STYLE = Automatic;
				DEVELOPMENT_ASSET_PATHS = "\"RecipeBook/Preview Content\"";
				DEVELOPMENT_TEAM = UBXSN34678;
				ENABLE_PREVIEWS = YES;
				INFOPLIST_FILE = RecipeBook/Info.plist;
				LD_RUNPATH_SEARCH_PATHS = (
					"$(inherited)",
					"@executable_path/Frameworks",
				);
				PRODUCT_BUNDLE_IDENTIFIER = com.jesterix.RecipeBook;
				PRODUCT_NAME = "$(TARGET_NAME)";
				SWIFT_VERSION = 5.0;
				TARGETED_DEVICE_FAMILY = "1,2";
			};
			name = Release;
		};
/* End XCBuildConfiguration section */

/* Begin XCConfigurationList section */
		44A8C827243B55B30000604B /* Build configuration list for PBXProject "RecipeBook" */ = {
			isa = XCConfigurationList;
			buildConfigurations = (
				44A8C83E243B55B90000604B /* Debug */,
				44A8C83F243B55B90000604B /* Release */,
			);
			defaultConfigurationIsVisible = 0;
			defaultConfigurationName = Release;
		};
		44A8C840243B55B90000604B /* Build configuration list for PBXNativeTarget "RecipeBook" */ = {
			isa = XCConfigurationList;
			buildConfigurations = (
				44A8C841243B55B90000604B /* Debug */,
				44A8C842243B55B90000604B /* Release */,
			);
			defaultConfigurationIsVisible = 0;
			defaultConfigurationName = Release;
		};
/* End XCConfigurationList section */
	};
	rootObject = 44A8C824243B55B30000604B /* Project object */;
}
